
Microsoft Visual Studio Solution File, Format Version 12.00
# Visual Studio Version 17
VisualStudioVersion = 17.7.34031.279
MinimumVisualStudioVersion = 10.0.40219.1
Project("{FAE04EC0-301F-11D3-BF4B-00C04F79EFBC}") = "Exercise2", "Exercise2\Exercise2.csproj", "{F93E4FF6-D872-4CFB-B7A3-D26C737A4035}"
EndProject
Global
	GlobalSection(SolutionConfigurationPlatforms) = preSolution
		Debug|Any CPU = Debug|Any CPU
		Release|Any CPU = Release|Any CPU
	EndGlobalSection
	GlobalSection(ProjectConfigurationPlatforms) = postSolution
		{F93E4FF6-D872-4CFB-B7A3-D26C737A4035}.Debug|Any CPU.ActiveCfg = Debug|Any CPU
		{F93E4FF6-D872-4CFB-B7A3-D26C737A4035}.Debug|Any CPU.Build.0 = Debug|Any CPU
		{F93E4FF6-D872-4CFB-B7A3-D26C737A4035}.Release|Any CPU.ActiveCfg = Release|Any CPU
		{F93E4FF6-D872-4CFB-B7A3-D26C737A4035}.Release|Any CPU.Build.0 = Release|Any CPU
	EndGlobalSection
	GlobalSection(SolutionProperties) = preSolution
		HideSolutionNode = FALSE
	EndGlobalSection
	GlobalSection(ExtensibilityGlobals) = postSolution
		SolutionGuid = {DD822968-90D8-4192-A7B0-D82631B3CBE3}
	EndGlobalSection
EndGlobal
